{
  "requires": true,
  "lockfileVersion": 1,
  "dependencies": {
    "commander": {
      "version": "5.0.0",
      "resolved": "https://registry.npmjs.org/commander/-/commander-5.0.0.tgz",
      "integrity": "sha512-JrDGPAKjMGSP1G0DUoaceEJ3DZgAfr/q6X7FVk4+U5KxUSKviYGM2k6zWkfyyBHy5rAtzgYJFa1ro2O9PtoxwQ=="
    },
    "loader": {
      "version": "2.1.1",
      "resolved": "https://registry.npmjs.org/loader/-/loader-2.1.1.tgz",
      "integrity": "sha1-iEixKj8AVy5aQkkzPM2seXc/tAI="
    },
    "mime": {
      "version": "2.4.4",
      "resolved": "https://registry.npmjs.org/mime/-/mime-2.4.4.tgz",
      "integrity": "sha512-LRxmNwziLPT828z+4YkNzloCFC2YM4wrB99k+AV5ZbEyfGNWfG8SO1FUXLmLDBSo89NrJZ4DIWeLjy1CHGhMGA=="
    }
  }
}
